{
  "name": "pex-geom",
  "version": "3.0.2",
  "lockfileVersion": 2,
  "requires": true,
  "packages": {
    "": {
      "name": "pex-geom",
      "version": "3.0.2",
      "license": "MIT",
      "dependencies": {
        "pex-math": "^4.1.1"
      },
      "devDependencies": {
        "es-module-shims": "^1.10.0"
      },
      "engines": {
        "node": ">=22.0.0",
        "npm": ">=10.5.1",
        "snowdev": "2.0.0-alpha.26"
      }
    },
    "node_modules/es-module-shims": {
      "version": "1.10.0",
      "resolved": "https://registry.npmjs.org/es-module-shims/-/es-module-shims-1.10.0.tgz",
      "integrity": "sha512-3PmuShQBd9d8pulTFx6L7HKgncnZ1oeSSbrEfnUasb3Tv974BAvyFtW1HLPJSkh5fCaU9JNZbBzPdbxSwg2zqA==",
      "dev": true
    },
    "node_modules/pex-math": {
      "version": "4.1.1",
      "resolved": "https://registry.npmjs.org/pex-math/-/pex-math-4.1.1.tgz",
      "integrity": "sha512-jhFPZfgdhUczx8EJsV7PwFTDjvhDMhNiabtK+rOLsfkWl33LNV97hUYB0URlMiTf9UR4nNpPcTLuha96aniyQg==",
      "license": "MIT",
      "engines": {
        "node": ">=22.0.0",
        "npm": ">=10.5.1",
        "snowdev": ">=2.2.x"
      }
    }
  },
  "dependencies": {
    "es-module-shims": {
      "version": "1.10.0",
      "resolved": "https://registry.npmjs.org/es-module-shims/-/es-module-shims-1.10.0.tgz",
      "integrity": "sha512-3PmuShQBd9d8pulTFx6L7HKgncnZ1oeSSbrEfnUasb3Tv974BAvyFtW1HLPJSkh5fCaU9JNZbBzPdbxSwg2zqA==",
      "dev": true
    },
    "pex-math": {
      "version": "4.1.1",
      "resolved": "https://registry.npmjs.org/pex-math/-/pex-math-4.1.1.tgz",
      "integrity": "sha512-jhFPZfgdhUczx8EJsV7PwFTDjvhDMhNiabtK+rOLsfkWl33LNV97hUYB0URlMiTf9UR4nNpPcTLuha96aniyQg=="
    }
  }
}
