{
  "name": "pex-geom",
  "version": "3.0.0",
  "lockfileVersion": 2,
  "requires": true,
  "packages": {
    "": {
      "name": "pex-geom",
      "version": "3.0.0",
      "license": "MIT",
      "dependencies": {
        "pex-math": "^4.0.0"
      },
      "devDependencies": {
        "es-module-shims": "^1.8.2"
      },
      "engines": {
        "node": ">=20.0.0",
        "npm": ">=9.6.4"
      }
    },
    "node_modules/es-module-shims": {
      "version": "1.8.2",
      "resolved": "https://registry.npmjs.org/es-module-shims/-/es-module-shims-1.8.2.tgz",
      "integrity": "sha512-7vIYVzpOhXtpc3Yn03itB+GSgVZFW7oL4kdydA+iL+IEi7HiSLBUxM05QFw4SxTl6e++pMpGqZPo2+vdNs3TbA==",
      "dev": true
    },
    "node_modules/pex-math": {
      "version": "4.0.0",
      "resolved": "https://registry.npmjs.org/pex-math/-/pex-math-4.0.0.tgz",
      "integrity": "sha512-TZfwSQKSJgGh5dU+hnBf0zIPiuEIolhTDVmPVrtbWjMk5S9+rvTyfvCN8HeXPTYW08JMlRrv/SzcCE/b7ptyNQ==",
      "engines": {
        "node": ">=20.0.0",
        "npm": ">=9.6.4"
      }
    }
  },
  "dependencies": {
    "es-module-shims": {
      "version": "1.8.2",
      "resolved": "https://registry.npmjs.org/es-module-shims/-/es-module-shims-1.8.2.tgz",
      "integrity": "sha512-7vIYVzpOhXtpc3Yn03itB+GSgVZFW7oL4kdydA+iL+IEi7HiSLBUxM05QFw4SxTl6e++pMpGqZPo2+vdNs3TbA==",
      "dev": true
    },
    "pex-math": {
      "version": "4.0.0",
      "resolved": "https://registry.npmjs.org/pex-math/-/pex-math-4.0.0.tgz",
      "integrity": "sha512-TZfwSQKSJgGh5dU+hnBf0zIPiuEIolhTDVmPVrtbWjMk5S9+rvTyfvCN8HeXPTYW08JMlRrv/SzcCE/b7ptyNQ=="
    }
  }
}
